
Microsoft Visual Studio Solution File, Format Version 12.00
# Visual Studio Version 17
VisualStudioVersion = 17.9.34714.143
MinimumVisualStudioVersion = 10.0.40219.1
Project("{FAE04EC0-301F-11D3-BF4B-00C04F79EFBC}") = "AmNet_Cloud", "AmNet_Cloud.csproj", "{7D4ADC64-A630-450C-8595-54655E681BE4}"
EndProject
Global
	GlobalSection(SolutionConfigurationPlatforms) = preSolution
		Debug|Any CPU = Debug|Any CPU
		Release|Any CPU = Release|Any CPU
	EndGlobalSection
	GlobalSection(ProjectConfigurationPlatforms) = postSolution
		{7D4ADC64-A630-450C-8595-54655E681BE4}.Debug|Any CPU.ActiveCfg = Debug|Any CPU
		{7D4ADC64-A630-450C-8595-54655E681BE4}.Debug|Any CPU.Build.0 = Debug|Any CPU
		{7D4ADC64-A630-450C-8595-54655E681BE4}.Release|Any CPU.ActiveCfg = Release|Any CPU
		{7D4ADC64-A630-450C-8595-54655E681BE4}.Release|Any CPU.Build.0 = Release|Any CPU
	EndGlobalSection
	GlobalSection(SolutionProperties) = preSolution
		HideSolutionNode = FALSE
	EndGlobalSection
	GlobalSection(ExtensibilityGlobals) = postSolution
		SolutionGuid = {BEE3255D-6E20-4C89-9306-0EAF5E007B98}
	EndGlobalSection
EndGlobal
